
Microsoft Visual Studio Solution File, Format Version 12.00
Project("{FAE04EC0-301F-11D3-BF4B-00C04F79EFBC}") = "C-PRO-FirstHomework", "C-PRO-FirstHomework\C-PRO-FirstHomework.csproj", "{AEEA26B7-86B7-4BEB-968E-4CE7A9DC8FCA}"
EndProject
Global
	GlobalSection(SolutionConfigurationPlatforms) = preSolution
		Debug|Any CPU = Debug|Any CPU
		Release|Any CPU = Release|Any CPU
	EndGlobalSection
	GlobalSection(ProjectConfigurationPlatforms) = postSolution
		{AEEA26B7-86B7-4BEB-968E-4CE7A9DC8FCA}.Debug|Any CPU.ActiveCfg = Debug|Any CPU
		{AEEA26B7-86B7-4BEB-968E-4CE7A9DC8FCA}.Debug|Any CPU.Build.0 = Debug|Any CPU
		{AEEA26B7-86B7-4BEB-968E-4CE7A9DC8FCA}.Release|Any CPU.ActiveCfg = Release|Any CPU
		{AEEA26B7-86B7-4BEB-968E-4CE7A9DC8FCA}.Release|Any CPU.Build.0 = Release|Any CPU
	EndGlobalSection
EndGlobal
